// !$*UTF8*$!
{
	archiveVersion = 1;
	classes = {
	};
	objectVersion = 46;
	objects = {

/* Begin PBXBuildFile section */
		A5BBDF9718FB25B2000855D6 /* Foundation.framework in Frameworks */ = {isa = PBXBuildFile; fileRef = A5BBDF9618FB25B2000855D6 /* Foundation.framework */; };
		A5BBDF9918FB25B2000855D6 /* CoreGraphics.framework in Frameworks */ = {isa = PBXBuildFile; fileRef = A5BBDF9818FB25B2000855D6 /* CoreGraphics.framework */; };
		A5BBDF9B18FB25B2000855D6 /* UIKit.framework in Frameworks */ = {isa = PBXBuildFile; fileRef = A5BBDF9A18FB25B2000855D6 /* UIKit.framework */; };
		A5BBDFA118FB25B2000855D6 /* InfoPlist.strings in Resources */ = {isa = PBXBuildFile; fileRef = A5BBDF9F18FB25B2000855D6 /* InfoPlist.strings */; };
		A5BBDFA318FB25B2000855D6 /* main.m in Sources */ = {isa = PBXBuildFile; fileRef = A5BBDFA218FB25B2000855D6 /* main.m */; };
		A5BBDFA718FB25B2000855D6 /* TTAppDelegate.m in Sources */ = {isa = PBXBuildFile; fileRef = A5BBDFA618FB25B2000855D6 /* TTAppDelegate.m */; };
		A5BBDFAA18FB25B2000855D6 /* Main.storyboard in Resources */ = {isa = PBXBuildFile; fileRef = A5BBDFA818FB25B2000855D6 /* Main.storyboard */; };
		A5BBDFAF18FB25B2000855D6 /* Images.xcassets in Resources */ = {isa = PBXBuildFile; fileRef = A5BBDFAE18FB25B2000855D6 /* Images.xcassets */; };
		A5BBDFB618FB25B2000855D6 /* XCTest.framework in Frameworks */ = {isa = PBXBuildFile; fileRef = A5BBDFB518FB25B2000855D6 /* XCTest.framework */; };
		A5BBDFB718FB25B2000855D6 /* Foundation.framework in Frameworks */ = {isa = PBXBuildFile; fileRef = A5BBDF9618FB25B2000855D6 /* Foundation.framework */; };
		A5BBDFB818FB25B2000855D6 /* UIKit.framework in Frameworks */ = {isa = PBXBuildFile; fileRef = A5BBDF9A18FB25B2000855D6 /* UIKit.framework */; };
		A5BBDFC018FB25B2000855D6 /* InfoPlist.strings in Resources */ = {isa = PBXBuildFile; fileRef = A5BBDFBE18FB25B2000855D6 /* InfoPlist.strings */; };
		A5BBDFC218FB25B2000855D6 /* UITableViewStaticCellsTests.m in Sources */ = {isa = PBXBuildFile; fileRef = A5BBDFC118FB25B2000855D6 /* UITableViewStaticCellsTests.m */; };
		A5BBDFCD18FB269F000855D6 /* TTTableViewController.m in Sources */ = {isa = PBXBuildFile; fileRef = A5BBDFCC18FB269F000855D6 /* TTTableViewController.m */; };
		A5BC7FB619011C07000A3DF4 /* no_avatar.jpg in Resources */ = {isa = PBXBuildFile; fileRef = A5BC7FB519011C07000A3DF4 /* no_avatar.jpg */; };
/* End PBXBuildFile section */

/* Begin PBXContainerItemProxy section */
		A5BBDFB918FB25B2000855D6 /* PBXContainerItemProxy */ = {
			isa = PBXContainerItemProxy;
			containerPortal = A5BBDF8B18FB25B2000855D6 /* Project object */;
			proxyType = 1;
			remoteGlobalIDString = A5BBDF9218FB25B2000855D6;
			remoteInfo = UITableViewStaticCells;
		};
/* End PBXContainerItemProxy section */

/* Begin PBXFileReference section */
		A5BBDF9318FB25B2000855D6 /* UITableViewStaticCells.app */ = {isa = PBXFileReference; explicitFileType = wrapper.application; includeInIndex = 0; path = UITableViewStaticCells.app; sourceTree = BUILT_PRODUCTS_DIR; };
		A5BBDF9618FB25B2000855D6 /* Foundation.framework */ = {isa = PBXFileReference; lastKnownFileType = wrapper.framework; name = Foundation.framework; path = System/Library/Frameworks/Foundation.framework; sourceTree = SDKROOT; };
		A5BBDF9818FB25B2000855D6 /* CoreGraphics.framework */ = {isa = PBXFileReference; lastKnownFileType = wrapper.framework; name = CoreGraphics.framework; path = System/Library/Frameworks/CoreGraphics.framework; sourceTree = SDKROOT; };
		A5BBDF9A18FB25B2000855D6 /* UIKit.framework */ = {isa = PBXFileReference; lastKnownFileType = wrapper.framework; name = UIKit.framework; path = System/Library/Frameworks/UIKit.framework; sourceTree = SDKROOT; };
		A5BBDF9E18FB25B2000855D6 /* UITableViewStaticCells-Info.plist */ = {isa = PBXFileReference; lastKnownFileType = text.plist.xml; path = "UITableViewStaticCells-Info.plist"; sourceTree = "<group>"; };
		A5BBDFA018FB25B2000855D6 /* en */ = {isa = PBXFileReference; lastKnownFileType = text.plist.strings; name = en; path = en.lproj/InfoPlist.strings; sourceTree = "<group>"; };
		A5BBDFA218FB25B2000855D6 /* main.m */ = {isa = PBXFileReference; lastKnownFileType = sourcecode.c.objc; path = main.m; sourceTree = "<group>"; };
		A5BBDFA418FB25B2000855D6 /* UITableViewStaticCells-Prefix.pch */ = {isa = PBXFileReference; lastKnownFileType = sourcecode.c.h; path = "UITableViewStaticCells-Prefix.pch"; sourceTree = "<group>"; };
		A5BBDFA518FB25B2000855D6 /* TTAppDelegate.h */ = {isa = PBXFileReference; lastKnownFileType = sourcecode.c.h; path = TTAppDelegate.h; sourceTree = "<group>"; };
		A5BBDFA618FB25B2000855D6 /* TTAppDelegate.m */ = {isa = PBXFileReference; lastKnownFileType = sourcecode.c.objc; path = TTAppDelegate.m; sourceTree = "<group>"; };
		A5BBDFA918FB25B2000855D6 /* Base */ = {isa = PBXFileReference; lastKnownFileType = file.storyboard; name = Base; path = Base.lproj/Main.storyboard; sourceTree = "<group>"; };
		A5BBDFAE18FB25B2000855D6 /* Images.xcassets */ = {isa = PBXFileReference; lastKnownFileType = folder.assetcatalog; path = Images.xcassets; sourceTree = "<group>"; };
		A5BBDFB418FB25B2000855D6 /* UITableViewStaticCellsTests.xctest */ = {isa = PBXFileReference; explicitFileType = wrapper.cfbundle; includeInIndex = 0; path = UITableViewStaticCellsTests.xctest; sourceTree = BUILT_PRODUCTS_DIR; };
		A5BBDFB518FB25B2000855D6 /* XCTest.framework */ = {isa = PBXFileReference; lastKnownFileType = wrapper.framework; name = XCTest.framework; path = Library/Frameworks/XCTest.framework; sourceTree = DEVELOPER_DIR; };
		A5BBDFBD18FB25B2000855D6 /* UITableViewStaticCellsTests-Info.plist */ = {isa = PBXFileReference; lastKnownFileType = text.plist.xml; path = "UITableViewStaticCellsTests-Info.plist"; sourceTree = "<group>"; };
		A5BBDFBF18FB25B2000855D6 /* en */ = {isa = PBXFileReference; lastKnownFileType = text.plist.strings; name = en; path = en.lproj/InfoPlist.strings; sourceTree = "<group>"; };
		A5BBDFC118FB25B2000855D6 /* UITableViewStaticCellsTests.m */ = {isa = PBXFileReference; lastKnownFileType = sourcecode.c.objc; path = UITableViewStaticCellsTests.m; sourceTree = "<group>"; };
		A5BBDFCB18FB269F000855D6 /* TTTableViewController.h */ = {isa = PBXFileReference; fileEncoding = 4; lastKnownFileType = sourcecode.c.h; path = TTTableViewController.h; sourceTree = "<group>"; };
		A5BBDFCC18FB269F000855D6 /* TTTableViewController.m */ = {isa = PBXFileReference; fileEncoding = 4; lastKnownFileType = sourcecode.c.objc; path = TTTableViewController.m; sourceTree = "<group>"; };
		A5BC7FB519011C07000A3DF4 /* no_avatar.jpg */ = {isa = PBXFileReference; lastKnownFileType = image.jpeg; path = no_avatar.jpg; sourceTree = "<group>"; };
/* End PBXFileReference section */

/* Begin PBXFrameworksBuildPhase section */
		A5BBDF9018FB25B2000855D6 /* Frameworks */ = {
			isa = PBXFrameworksBuildPhase;
			buildActionMask = 2147483647;
			files = (
				A5BBDF9918FB25B2000855D6 /* CoreGraphics.framework in Frameworks */,
				A5BBDF9B18FB25B2000855D6 /* UIKit.framework in Frameworks */,
				A5BBDF9718FB25B2000855D6 /* Foundation.framework in Frameworks */,
			);
			runOnlyForDeploymentPostprocessing = 0;
		};
		A5BBDFB118FB25B2000855D6 /* Frameworks */ = {
			isa = PBXFrameworksBuildPhase;
			buildActionMask = 2147483647;
			files = (
				A5BBDFB618FB25B2000855D6 /* XCTest.framework in Frameworks */,
				A5BBDFB818FB25B2000855D6 /* UIKit.framework in Frameworks */,
				A5BBDFB718FB25B2000855D6 /* Foundation.framework in Frameworks */,
			);
			runOnlyForDeploymentPostprocessing = 0;
		};
/* End PBXFrameworksBuildPhase section */

/* Begin PBXGroup section */
		A5BBDF8A18FB25B2000855D6 = {
			isa = PBXGroup;
			children = (
				A5BBDF9C18FB25B2000855D6 /* UITableViewStaticCells */,
				A5BBDFBB18FB25B2000855D6 /* UITableViewStaticCellsTests */,
				A5BBDF9518FB25B2000855D6 /* Frameworks */,
				A5BBDF9418FB25B2000855D6 /* Products */,
			);
			sourceTree = "<group>";
		};
		A5BBDF9418FB25B2000855D6 /* Products */ = {
			isa = PBXGroup;
			children = (
				A5BBDF9318FB25B2000855D6 /* UITableViewStaticCells.app */,
				A5BBDFB418FB25B2000855D6 /* UITableViewStaticCellsTests.xctest */,
			);
			name = Products;
			sourceTree = "<group>";
		};
		A5BBDF9518FB25B2000855D6 /* Frameworks */ = {
			isa = PBXGroup;
			children = (
				A5BBDF9618FB25B2000855D6 /* Foundation.framework */,
				A5BBDF9818FB25B2000855D6 /* CoreGraphics.framework */,
				A5BBDF9A18FB25B2000855D6 /* UIKit.framework */,
				A5BBDFB518FB25B2000855D6 /* XCTest.framework */,
			);
			name = Frameworks;
			sourceTree = "<group>";
		};
		A5BBDF9C18FB25B2000855D6 /* UITableViewStaticCells */ = {
			isa = PBXGroup;
			children = (
				A5BBDFA518FB25B2000855D6 /* TTAppDelegate.h */,
				A5BBDFA618FB25B2000855D6 /* TTAppDelegate.m */,
				A5BBDFA818FB25B2000855D6 /* Main.storyboard */,
				A5BBDFCB18FB269F000855D6 /* TTTableViewController.h */,
				A5BBDFCC18FB269F000855D6 /* TTTableViewController.m */,
				A5BC7FB519011C07000A3DF4 /* no_avatar.jpg */,
				A5BBDFAE18FB25B2000855D6 /* Images.xcassets */,
				A5BBDF9D18FB25B2000855D6 /* Supporting Files */,
			);
			path = UITableViewStaticCells;
			sourceTree = "<group>";
		};
		A5BBDF9D18FB25B2000855D6 /* Supporting Files */ = {
			isa = PBXGroup;
			children = (
				A5BBDF9E18FB25B2000855D6 /* UITableViewStaticCells-Info.plist */,
				A5BBDF9F18FB25B2000855D6 /* InfoPlist.strings */,
				A5BBDFA218FB25B2000855D6 /* main.m */,
				A5BBDFA418FB25B2000855D6 /* UITableViewStaticCells-Prefix.pch */,
			);
			name = "Supporting Files";
			sourceTree = "<group>";
		};
		A5BBDFBB18FB25B2000855D6 /* UITableViewStaticCellsTests */ = {
			isa = PBXGroup;
			children = (
				A5BBDFC118FB25B2000855D6 /* UITableViewStaticCellsTests.m */,
				A5BBDFBC18FB25B2000855D6 /* Supporting Files */,
			);
			path = UITableViewStaticCellsTests;
			sourceTree = "<group>";
		};
		A5BBDFBC18FB25B2000855D6 /* Supporting Files */ = {
			isa = PBXGroup;
			children = (
				A5BBDFBD18FB25B2000855D6 /* UITableViewStaticCellsTests-Info.plist */,
				A5BBDFBE18FB25B2000855D6 /* InfoPlist.strings */,
			);
			name = "Supporting Files";
			sourceTree = "<group>";
		};
/* End PBXGroup section */

/* Begin PBXNativeTarget section */
		A5BBDF9218FB25B2000855D6 /* UITableViewStaticCells */ = {
			isa = PBXNativeTarget;
			buildConfigurationList = A5BBDFC518FB25B2000855D6 /* Build configuration list for PBXNativeTarget "UITableViewStaticCells" */;
			buildPhases = (
				A5BBDF8F18FB25B2000855D6 /* Sources */,
				A5BBDF9018FB25B2000855D6 /* Frameworks */,
				A5BBDF9118FB25B2000855D6 /* Resources */,
			);
			buildRules = (
			);
			dependencies = (
			);
			name = UITableViewStaticCells;
			productName = UITableViewStaticCells;
			productReference = A5BBDF9318FB25B2000855D6 /* UITableViewStaticCells.app */;
			productType = "com.apple.product-type.application";
		};
		A5BBDFB318FB25B2000855D6 /* UITableViewStaticCellsTests */ = {
			isa = PBXNativeTarget;
			buildConfigurationList = A5BBDFC818FB25B2000855D6 /* Build configuration list for PBXNativeTarget "UITableViewStaticCellsTests" */;
			buildPhases = (
				A5BBDFB018FB25B2000855D6 /* Sources */,
				A5BBDFB118FB25B2000855D6 /* Frameworks */,
				A5BBDFB218FB25B2000855D6 /* Resources */,
			);
			buildRules = (
			);
			dependencies = (
				A5BBDFBA18FB25B2000855D6 /* PBXTargetDependency */,
			);
			name = UITableViewStaticCellsTests;
			productName = UITableViewStaticCellsTests;
			productReference = A5BBDFB418FB25B2000855D6 /* UITableViewStaticCellsTests.xctest */;
			productType = "com.apple.product-type.bundle.unit-test";
		};
/* End PBXNativeTarget section */

/* Begin PBXProject section */
		A5BBDF8B18FB25B2000855D6 /* Project object */ = {
			isa = PBXProject;
			attributes = {
				CLASSPREFIX = TT;
				LastUpgradeCheck = 0510;
				ORGANIZATIONNAME = sergey;
				TargetAttributes = {
					A5BBDFB318FB25B2000855D6 = {
						TestTargetID = A5BBDF9218FB25B2000855D6;
					};
				};
			};
			buildConfigurationList = A5BBDF8E18FB25B2000855D6 /* Build configuration list for PBXProject "UITableViewStaticCells" */;
			compatibilityVersion = "Xcode 3.2";
			developmentRegion = English;
			hasScannedForEncodings = 0;
			knownRegions = (
				en,
				Base,
			);
			mainGroup = A5BBDF8A18FB25B2000855D6;
			productRefGroup = A5BBDF9418FB25B2000855D6 /* Products */;
			projectDirPath = "";
			projectRoot = "";
			targets = (
				A5BBDF9218FB25B2000855D6 /* UITableViewStaticCells */,
				A5BBDFB318FB25B2000855D6 /* UITableViewStaticCellsTests */,
			);
		};
/* End PBXProject section */

/* Begin PBXResourcesBuildPhase section */
		A5BBDF9118FB25B2000855D6 /* Resources */ = {
			isa = PBXResourcesBuildPhase;
			buildActionMask = 2147483647;
			files = (
				A5BBDFAF18FB25B2000855D6 /* Images.xcassets in Resources */,
				A5BBDFA118FB25B2000855D6 /* InfoPlist.strings in Resources */,
				A5BBDFAA18FB25B2000855D6 /* Main.storyboard in Resources */,
				A5BC7FB619011C07000A3DF4 /* no_avatar.jpg in Resources */,
			);
			runOnlyForDeploymentPostprocessing = 0;
		};
		A5BBDFB218FB25B2000855D6 /* Resources */ = {
			isa = PBXResourcesBuildPhase;
			buildActionMask = 2147483647;
			files = (
				A5BBDFC018FB25B2000855D6 /* InfoPlist.strings in Resources */,
			);
			runOnlyForDeploymentPostprocessing = 0;
		};
/* End PBXResourcesBuildPhase section */

/* Begin PBXSourcesBuildPhase section */
		A5BBDF8F18FB25B2000855D6 /* Sources */ = {
			isa = PBXSourcesBuildPhase;
			buildActionMask = 2147483647;
			files = (
				A5BBDFCD18FB269F000855D6 /* TTTableViewController.m in Sources */,
				A5BBDFA718FB25B2000855D6 /* TTAppDelegate.m in Sources */,
				A5BBDFA318FB25B2000855D6 /* main.m in Sources */,
			);
			runOnlyForDeploymentPostprocessing = 0;
		};
		A5BBDFB018FB25B2000855D6 /* Sources */ = {
			isa = PBXSourcesBuildPhase;
			buildActionMask = 2147483647;
			files = (
				A5BBDFC218FB25B2000855D6 /* UITableViewStaticCellsTests.m in Sources */,
			);
			runOnlyForDeploymentPostprocessing = 0;
		};
/* End PBXSourcesBuildPhase section */

/* Begin PBXTargetDependency section */
		A5BBDFBA18FB25B2000855D6 /* PBXTargetDependency */ = {
			isa = PBXTargetDependency;
			target = A5BBDF9218FB25B2000855D6 /* UITableViewStaticCells */;
			targetProxy = A5BBDFB918FB25B2000855D6 /* PBXContainerItemProxy */;
		};
/* End PBXTargetDependency section */

/* Begin PBXVariantGroup section */
		A5BBDF9F18FB25B2000855D6 /* InfoPlist.strings */ = {
			isa = PBXVariantGroup;
			children = (
				A5BBDFA018FB25B2000855D6 /* en */,
			);
			name = InfoPlist.strings;
			sourceTree = "<group>";
		};
		A5BBDFA818FB25B2000855D6 /* Main.storyboard */ = {
			isa = PBXVariantGroup;
			children = (
				A5BBDFA918FB25B2000855D6 /* Base */,
			);
			name = Main.storyboard;
			sourceTree = "<group>";
		};
		A5BBDFBE18FB25B2000855D6 /* InfoPlist.strings */ = {
			isa = PBXVariantGroup;
			children = (
				A5BBDFBF18FB25B2000855D6 /* en */,
			);
			name = InfoPlist.strings;
			sourceTree = "<group>";
		};
/* End PBXVariantGroup section */

/* Begin XCBuildConfiguration section */
		A5BBDFC318FB25B2000855D6 /* Debug */ = {
			isa = XCBuildConfiguration;
			buildSettings = {
				ALWAYS_SEARCH_USER_PATHS = NO;
				CLANG_CXX_LANGUAGE_STANDARD = "gnu++0x";
				CLANG_CXX_LIBRARY = "libc++";
				CLANG_ENABLE_MODULES = YES;
				CLANG_ENABLE_OBJC_ARC = YES;
				CLANG_WARN_BOOL_CONVERSION = YES;
				CLANG_WARN_CONSTANT_CONVERSION = YES;
				CLANG_WARN_DIRECT_OBJC_ISA_USAGE = YES_ERROR;
				CLANG_WARN_EMPTY_BODY = YES;
				CLANG_WARN_ENUM_CONVERSION = YES;
				CLANG_WARN_INT_CONVERSION = YES;
				CLANG_WARN_OBJC_ROOT_CLASS = YES_ERROR;
				CLANG_WARN__DUPLICATE_METHOD_MATCH = YES;
				"CODE_SIGN_IDENTITY[sdk=iphoneos*]" = "iPhone Developer";
				COPY_PHASE_STRIP = NO;
				GCC_C_LANGUAGE_STANDARD = gnu99;
				GCC_DYNAMIC_NO_PIC = NO;
				GCC_OPTIMIZATION_LEVEL = 0;
				GCC_PREPROCESSOR_DEFINITIONS = (
					"DEBUG=1",
					"$(inherited)",
				);
				GCC_SYMBOLS_PRIVATE_EXTERN = NO;
				GCC_WARN_64_TO_32_BIT_CONVERSION = YES;
				GCC_WARN_ABOUT_RETURN_TYPE = YES_ERROR;
				GCC_WARN_UNDECLARED_SELECTOR = YES;
				GCC_WARN_UNINITIALIZED_AUTOS = YES_AGGRESSIVE;
				GCC_WARN_UNUSED_FUNCTION = YES;
				GCC_WARN_UNUSED_VARIABLE = YES;
				IPHONEOS_DEPLOYMENT_TARGET = 7.1;
				ONLY_ACTIVE_ARCH = YES;
				SDKROOT = iphoneos;
			};
			name = Debug;
		};
		A5BBDFC418FB25B2000855D6 /* Release */ = {
			isa = XCBuildConfiguration;
			buildSettings = {
				ALWAYS_SEARCH_USER_PATHS = NO;
				CLANG_CXX_LANGUAGE_STANDARD = "gnu++0x";
				CLANG_CXX_LIBRARY = "libc++";
				CLANG_ENABLE_MODULES = YES;
				CLANG_ENABLE_OBJC_ARC = YES;
				CLANG_WARN_BOOL_CONVERSION = YES;
				CLANG_WARN_CONSTANT_CONVERSION = YES;
				CLANG_WARN_DIRECT_OBJC_ISA_USAGE = YES_ERROR;
				CLANG_WARN_EMPTY_BODY = YES;
				CLANG_WARN_ENUM_CONVERSION = YES;
				CLANG_WARN_INT_CONVERSION = YES;
				CLANG_WARN_OBJC_ROOT_CLASS = YES_ERROR;
				CLANG_WARN__DUPLICATE_METHOD_MATCH = YES;
				"CODE_SIGN_IDENTITY[sdk=iphoneos*]" = "iPhone Developer";
				COPY_PHASE_STRIP = YES;
				ENABLE_NS_ASSERTIONS = NO;
				GCC_C_LANGUAGE_STANDARD = gnu99;
				GCC_WARN_64_TO_32_BIT_CONVERSION = YES;
				GCC_WARN_ABOUT_RETURN_TYPE = YES_ERROR;
				GCC_WARN_UNDECLARED_SELECTOR = YES;
				GCC_WARN_UNINITIALIZED_AUTOS = YES_AGGRESSIVE;
				GCC_WARN_UNUSED_FUNCTION = YES;
				GCC_WARN_UNUSED_VARIABLE = YES;
				IPHONEOS_DEPLOYMENT_TARGET = 7.1;
				SDKROOT = iphoneos;
				VALIDATE_PRODUCT = YES;
			};
			name = Release;
		};
		A5BBDFC618FB25B2000855D6 /* Debug */ = {
			isa = XCBuildConfiguration;
			buildSettings = {
				ASSETCATALOG_COMPILER_APPICON_NAME = AppIcon;
				ASSETCATALOG_COMPILER_LAUNCHIMAGE_NAME = LaunchImage;
				GCC_PRECOMPILE_PREFIX_HEADER = YES;
				GCC_PREFIX_HEADER = "UITableViewStaticCells/UITableViewStaticCells-Prefix.pch";
				INFOPLIST_FILE = "UITableViewStaticCells/UITableViewStaticCells-Info.plist";
				PRODUCT_NAME = "$(TARGET_NAME)";
				WRAPPER_EXTENSION = app;
			};
			name = Debug;
		};
		A5BBDFC718FB25B2000855D6 /* Release */ = {
			isa = XCBuildConfiguration;
			buildSettings = {
				ASSETCATALOG_COMPILER_APPICON_NAME = AppIcon;
				ASSETCATALOG_COMPILER_LAUNCHIMAGE_NAME = LaunchImage;
				GCC_PRECOMPILE_PREFIX_HEADER = YES;
				GCC_PREFIX_HEADER = "UITableViewStaticCells/UITableViewStaticCells-Prefix.pch";
				INFOPLIST_FILE = "UITableViewStaticCells/UITableViewStaticCells-Info.plist";
				PRODUCT_NAME = "$(TARGET_NAME)";
				WRAPPER_EXTENSION = app;
			};
			name = Release;
		};
		A5BBDFC918FB25B2000855D6 /* Debug */ = {
			isa = XCBuildConfiguration;
			buildSettings = {
				BUNDLE_LOADER = "$(BUILT_PRODUCTS_DIR)/UITableViewStaticCells.app/UITableViewStaticCells";
				FRAMEWORK_SEARCH_PATHS = (
					"$(SDKROOT)/Developer/Library/Frameworks",
					"$(inherited)",
					"$(DEVELOPER_FRAMEWORKS_DIR)",
				);
				GCC_PRECOMPILE_PREFIX_HEADER = YES;
				GCC_PREFIX_HEADER = "UITableViewStaticCells/UITableViewStaticCells-Prefix.pch";
				GCC_PREPROCESSOR_DEFINITIONS = (
					"DEBUG=1",
					"$(inherited)",
				);
				INFOPLIST_FILE = "UITableViewStaticCellsTests/UITableViewStaticCellsTests-Info.plist";
				PRODUCT_NAME = "$(TARGET_NAME)";
				TEST_HOST = "$(BUNDLE_LOADER)";
				WRAPPER_EXTENSION = xctest;
			};
			name = Debug;
		};
		A5BBDFCA18FB25B2000855D6 /* Release */ = {
			isa = XCBuildConfiguration;
			buildSettings = {
				BUNDLE_LOADER = "$(BUILT_PRODUCTS_DIR)/UITableViewStaticCells.app/UITableViewStaticCells";
				FRAMEWORK_SEARCH_PATHS = (
					"$(SDKROOT)/Developer/Library/Frameworks",
					"$(inherited)",
					"$(DEVELOPER_FRAMEWORKS_DIR)",
				);
				GCC_PRECOMPILE_PREFIX_HEADER = YES;
				GCC_PREFIX_HEADER = "UITableViewStaticCells/UITableViewStaticCells-Prefix.pch";
				INFOPLIST_FILE = "UITableViewStaticCellsTests/UITableViewStaticCellsTests-Info.plist";
				PRODUCT_NAME = "$(TARGET_NAME)";
				TEST_HOST = "$(BUNDLE_LOADER)";
				WRAPPER_EXTENSION = xctest;
			};
			name = Release;
		};
/* End XCBuildConfiguration section */

/* Begin XCConfigurationList section */
		A5BBDF8E18FB25B2000855D6 /* Build configuration list for PBXProject "UITableViewStaticCells" */ = {
			isa = XCConfigurationList;
			buildConfigurations = (
				A5BBDFC318FB25B2000855D6 /* Debug */,
				A5BBDFC418FB25B2000855D6 /* Release */,
			);
			defaultConfigurationIsVisible = 0;
			defaultConfigurationName = Release;
		};
		A5BBDFC518FB25B2000855D6 /* Build configuration list for PBXNativeTarget "UITableViewStaticCells" */ = {
			isa = XCConfigurationList;
			buildConfigurations = (
				A5BBDFC618FB25B2000855D6 /* Debug */,
				A5BBDFC718FB25B2000855D6 /* Release */,
			);
			defaultConfigurationIsVisible = 0;
			defaultConfigurationName = Release;
		};
		A5BBDFC818FB25B2000855D6 /* Build configuration list for PBXNativeTarget "UITableViewStaticCellsTests" */ = {
			isa = XCConfigurationList;
			buildConfigurations = (
				A5BBDFC918FB25B2000855D6 /* Debug */,
				A5BBDFCA18FB25B2000855D6 /* Release */,
			);
			defaultConfigurationIsVisible = 0;
			defaultConfigurationName = Release;
		};
/* End XCConfigurationList section */
	};
	rootObject = A5BBDF8B18FB25B2000855D6 /* Project object */;
}
